{
  "name": "bwfoto",
  "version": "1.0.0",
  "lockfileVersion": 1,
  "requires": true,
  "dependencies": {
    "@fortawesome/fontawesome-free": {
      "version": "5.13.0",
      "resolved": "https://registry.npmjs.org/@fortawesome/fontawesome-free/-/fontawesome-free-5.13.0.tgz",
      "integrity": "sha1-/LET0ayktHG3CejJwWhnT71uBtk="
    },
    "@popperjs/core": {
      "version": "2.4.0",
      "resolved": "https://registry.npmjs.org/@popperjs/core/-/core-2.4.0.tgz",
      "integrity": "sha512-NMrDy6EWh9TPdSRiHmHH2ye1v5U0gBD7pRYwSwJvomx7Bm4GG04vu63dYiVzebLOx2obPpJugew06xVP0Nk7hA=="
    },
    "bootstrap": {
      "version": "4.5.0",
      "resolved": "https://registry.npmjs.org/bootstrap/-/bootstrap-4.5.0.tgz",
      "integrity": "sha512-Z93QoXvodoVslA+PWNdk23Hze4RBYIkpb5h8I2HY2Tu2h7A0LpAgLcyrhrSUyo2/Oxm2l1fRZPs1e5hnxnliXA=="
    },
    "event-target-shim": {
      "version": "2.0.0",
      "resolved": "https://registry.npmjs.org/event-target-shim/-/event-target-shim-2.0.0.tgz",
      "integrity": "sha1-psB/snNJWjeJ4QW0n8w8sKMI+rQ="
    },
    "jquery": {
      "version": "3.5.1",
      "resolved": "https://registry.npmjs.org/jquery/-/jquery-3.5.1.tgz",
      "integrity": "sha512-XwIBPqcMn57FxfT+Go5pzySnm4KWkT1Tv7gjrpT1srtf8Weynl6R273VJ5GjkRb51IzMp5nbaPjJXMWeju2MKg=="
    },
    "jquery-param": {
      "version": "0.1.2",
      "resolved": "https://registry.npmjs.org/jquery-param/-/jquery-param-0.1.2.tgz",
      "integrity": "sha1-F7GHH9eQfgNwZGS7b2ZIW5ua8pM="
    },
    "naja": {
      "version": "1.8.3",
      "resolved": "https://registry.npmjs.org/naja/-/naja-1.8.3.tgz",
      "integrity": "sha512-yNam5J6pcD9b1RfV0ZWUPZp91oRV7wUoqhOwITse7HVzyEqetNhF0/OANr5I6PCVuywe/iUqSwIn6yDdPPJneQ==",
      "requires": {
        "event-target-shim": "^2.0.0",
        "object-assign": "^4.1.0",
        "qwest": "^4.4.5"
      }
    },
    "nette-forms": {
      "version": "2.4.9",
      "resolved": "https://registry.npmjs.org/nette-forms/-/nette-forms-2.4.9.tgz",
      "integrity": "sha1-pfb6RgDuoDvi+iVHLYtVdTt29Nw="
    },
    "object-assign": {
      "version": "4.1.1",
      "resolved": "https://registry.npmjs.org/object-assign/-/object-assign-4.1.1.tgz",
      "integrity": "sha1-IQmtx5ZYh8/AXLvUQsrIv7s2CGM="
    },
    "pinkyswear": {
      "version": "2.2.3",
      "resolved": "https://registry.npmjs.org/pinkyswear/-/pinkyswear-2.2.3.tgz",
      "integrity": "sha1-5Ym3LCaKCdDkZFiGHWuMzFySGjs="
    },
    "qwest": {
      "version": "4.5.0",
      "resolved": "https://registry.npmjs.org/qwest/-/qwest-4.5.0.tgz",
      "integrity": "sha1-8zF0OiaMR0qTESu9MNbFi6+hpcg=",
      "requires": {
        "jquery-param": "^0.1.2",
        "pinkyswear": "^2.2.2"
      }
    },
    "ublaboo-datagrid": {
      "version": "6.2.16",
      "resolved": "https://registry.npmjs.org/ublaboo-datagrid/-/ublaboo-datagrid-6.2.16.tgz",
      "integrity": "sha512-BftVMI/AB7t0YxMc7xaLiK2wWlAUk7TxKfCoC9s2sGC0Z2hQv4z4jJICzTzUrQ7Xer5K7ar78pcpGdjD5oCZPQ=="
    },
    "vue": {
      "version": "2.6.11",
      "resolved": "https://registry.npmjs.org/vue/-/vue-2.6.11.tgz",
      "integrity": "sha512-VfPwgcGABbGAue9+sfrD4PuwFar7gPb1yl1UK1MwXoQPAw0BKSqWfoYCT/ThFrdEVWoI51dBuyCoiNU9bZDZxQ=="
    }
  }
}
