{
  "name": "bwfoto",
  "version": "1.0.0",
  "lockfileVersion": 1,
  "requires": true,
  "dependencies": {
    "@fortawesome/fontawesome-free": {
      "version": "5.13.0",
      "resolved": "https://registry.npmjs.org/@fortawesome/fontawesome-free/-/fontawesome-free-5.13.0.tgz",
      "integrity": "sha1-/LET0ayktHG3CejJwWhnT71uBtk="
    },
    "bootstrap": {
      "version": "4.5.0",
      "resolved": "https://registry.npmjs.org/bootstrap/-/bootstrap-4.5.0.tgz",
      "integrity": "sha512-Z93QoXvodoVslA+PWNdk23Hze4RBYIkpb5h8I2HY2Tu2h7A0LpAgLcyrhrSUyo2/Oxm2l1fRZPs1e5hnxnliXA=="
    },
    "event-target-shim": {
      "version": "2.0.0",
      "resolved": "https://registry.npmjs.org/event-target-shim/-/event-target-shim-2.0.0.tgz",
      "integrity": "sha1-psB/snNJWjeJ4QW0n8w8sKMI+rQ="
    },
    "jquery": {
      "version": "3.5.0",
      "resolved": "https://registry.npmjs.org/jquery/-/jquery-3.5.0.tgz",
      "integrity": "sha512-Xb7SVYMvygPxbFMpTFQiHh1J7HClEaThguL15N/Gg37Lri/qKyhRGZYzHRyLH8Stq3Aow0LsHO2O2ci86fCrNQ=="
    },
    "jquery-param": {
      "version": "0.1.2",
      "resolved": "https://registry.npmjs.org/jquery-param/-/jquery-param-0.1.2.tgz",
      "integrity": "sha1-F7GHH9eQfgNwZGS7b2ZIW5ua8pM="
    },
    "naja": {
      "version": "1.7.0",
      "resolved": "https://registry.npmjs.org/naja/-/naja-1.7.0.tgz",
      "integrity": "sha512-dVeK26mWXJpC76ukIRkXDqL4TT6jEu8HNpXElYJnZNz0dXGts8jL4YJqpSQ89PxIh98riY4WxKpeMpBvPqWITA==",
      "requires": {
        "event-target-shim": "^2.0.0",
        "object-assign": "^4.1.0",
        "qwest": "^4.4.5"
      }
    },
    "nette-forms": {
      "version": "2.4.9",
      "resolved": "https://registry.npmjs.org/nette-forms/-/nette-forms-2.4.9.tgz",
      "integrity": "sha1-pfb6RgDuoDvi+iVHLYtVdTt29Nw="
    },
    "object-assign": {
      "version": "4.1.1",
      "resolved": "https://registry.npmjs.org/object-assign/-/object-assign-4.1.1.tgz",
      "integrity": "sha1-IQmtx5ZYh8/AXLvUQsrIv7s2CGM="
    },
    "pinkyswear": {
      "version": "2.2.3",
      "resolved": "https://registry.npmjs.org/pinkyswear/-/pinkyswear-2.2.3.tgz",
      "integrity": "sha1-5Ym3LCaKCdDkZFiGHWuMzFySGjs="
    },
    "qwest": {
      "version": "4.5.0",
      "resolved": "https://registry.npmjs.org/qwest/-/qwest-4.5.0.tgz",
      "integrity": "sha1-8zF0OiaMR0qTESu9MNbFi6+hpcg=",
      "requires": {
        "jquery-param": "^0.1.2",
        "pinkyswear": "^2.2.2"
      }
    }
  }
}
